
Microsoft Visual Studio Solution File, Format Version 12.00
# Visual Studio 15
VisualStudioVersion = 15.0.27703.2035
MinimumVisualStudioVersion = 10.0.40219.1
Project("{9A19103F-16F7-4668-BE54-9A1E7A4F7556}") = "OData.WebApiCore.Sample", "OData.WebApiCore.Sample\OData.WebApiCore.Sample.csproj", "{54AD23B1-D8BE-4499-A66F-F6D13DEE6CFE}"
EndProject
Project("{9A19103F-16F7-4668-BE54-9A1E7A4F7556}") = "OData.WebApiCore.Data.Sample", "OData.WebApiCore.Data.Sample\OData.WebApiCore.Data.Sample.csproj", "{94B45A8F-BD0B-4A76-8841-7C357C53AD37}"
EndProject
Global
	GlobalSection(SolutionConfigurationPlatforms) = preSolution
		Debug|Any CPU = Debug|Any CPU
		Release|Any CPU = Release|Any CPU
	EndGlobalSection
	GlobalSection(ProjectConfigurationPlatforms) = postSolution
		{54AD23B1-D8BE-4499-A66F-F6D13DEE6CFE}.Debug|Any CPU.ActiveCfg = Debug|Any CPU
		{54AD23B1-D8BE-4499-A66F-F6D13DEE6CFE}.Debug|Any CPU.Build.0 = Debug|Any CPU
		{54AD23B1-D8BE-4499-A66F-F6D13DEE6CFE}.Release|Any CPU.ActiveCfg = Release|Any CPU
		{54AD23B1-D8BE-4499-A66F-F6D13DEE6CFE}.Release|Any CPU.Build.0 = Release|Any CPU
		{94B45A8F-BD0B-4A76-8841-7C357C53AD37}.Debug|Any CPU.ActiveCfg = Debug|Any CPU
		{94B45A8F-BD0B-4A76-8841-7C357C53AD37}.Debug|Any CPU.Build.0 = Debug|Any CPU
		{94B45A8F-BD0B-4A76-8841-7C357C53AD37}.Release|Any CPU.ActiveCfg = Release|Any CPU
		{94B45A8F-BD0B-4A76-8841-7C357C53AD37}.Release|Any CPU.Build.0 = Release|Any CPU
	EndGlobalSection
	GlobalSection(SolutionProperties) = preSolution
		HideSolutionNode = FALSE
	EndGlobalSection
	GlobalSection(ExtensibilityGlobals) = postSolution
		SolutionGuid = {A70FFFC6-58AA-49A1-B5EE-90ED05259C29}
	EndGlobalSection
EndGlobal
